
Microsoft Visual Studio Solution File, Format Version 12.00
# Visual Studio Version 17
VisualStudioVersion = 17.1.32210.238
MinimumVisualStudioVersion = 10.0.40219.1
Project("{FAE04EC0-301F-11D3-BF4B-00C04F79EFBC}") = "Slqsh", "Slqsh\Slqsh.csproj", "{549FBD7B-26FF-4AA8-B2AC-C0CBE4021CB0}"
EndProject
Project("{FAE04EC0-301F-11D3-BF4B-00C04F79EFBC}") = "Slqsh.Test", "Slqsh.Test\Slqsh.Test.csproj", "{56CD3C6B-EBA0-4746-8C9F-F2933560011C}"
EndProject
Global
	GlobalSection(SolutionConfigurationPlatforms) = preSolution
		Debug|Any CPU = Debug|Any CPU
		Release|Any CPU = Release|Any CPU
	EndGlobalSection
	GlobalSection(ProjectConfigurationPlatforms) = postSolution
		{549FBD7B-26FF-4AA8-B2AC-C0CBE4021CB0}.Debug|Any CPU.ActiveCfg = Debug|Any CPU
		{549FBD7B-26FF-4AA8-B2AC-C0CBE4021CB0}.Debug|Any CPU.Build.0 = Debug|Any CPU
		{549FBD7B-26FF-4AA8-B2AC-C0CBE4021CB0}.Release|Any CPU.ActiveCfg = Release|Any CPU
		{549FBD7B-26FF-4AA8-B2AC-C0CBE4021CB0}.Release|Any CPU.Build.0 = Release|Any CPU
		{56CD3C6B-EBA0-4746-8C9F-F2933560011C}.Debug|Any CPU.ActiveCfg = Debug|Any CPU
		{56CD3C6B-EBA0-4746-8C9F-F2933560011C}.Debug|Any CPU.Build.0 = Debug|Any CPU
		{56CD3C6B-EBA0-4746-8C9F-F2933560011C}.Release|Any CPU.ActiveCfg = Release|Any CPU
		{56CD3C6B-EBA0-4746-8C9F-F2933560011C}.Release|Any CPU.Build.0 = Release|Any CPU
	EndGlobalSection
	GlobalSection(SolutionProperties) = preSolution
		HideSolutionNode = FALSE
	EndGlobalSection
	GlobalSection(ExtensibilityGlobals) = postSolution
		SolutionGuid = {294E15BA-E719-4662-97CC-00D354D51204}
	EndGlobalSection
EndGlobal
